
Microsoft Visual Studio Solution File, Format Version 12.00
# Visual Studio Version 17
VisualStudioVersion = 17.2.32616.157
MinimumVisualStudioVersion = 10.0.40219.1
Project("{FAE04EC0-301F-11D3-BF4B-00C04F79EFBC}") = "Ex3Av", "Ex3Av\Ex3Av.csproj", "{CF37AFD7-153F-4F88-8F81-2840D0F498C9}"
EndProject
Global
	GlobalSection(SolutionConfigurationPlatforms) = preSolution
		Debug|Any CPU = Debug|Any CPU
		Release|Any CPU = Release|Any CPU
	EndGlobalSection
	GlobalSection(ProjectConfigurationPlatforms) = postSolution
		{CF37AFD7-153F-4F88-8F81-2840D0F498C9}.Debug|Any CPU.ActiveCfg = Debug|Any CPU
		{CF37AFD7-153F-4F88-8F81-2840D0F498C9}.Debug|Any CPU.Build.0 = Debug|Any CPU
		{CF37AFD7-153F-4F88-8F81-2840D0F498C9}.Release|Any CPU.ActiveCfg = Release|Any CPU
		{CF37AFD7-153F-4F88-8F81-2840D0F498C9}.Release|Any CPU.Build.0 = Release|Any CPU
	EndGlobalSection
	GlobalSection(SolutionProperties) = preSolution
		HideSolutionNode = FALSE
	EndGlobalSection
	GlobalSection(ExtensibilityGlobals) = postSolution
		SolutionGuid = {DCDC0F9F-6BE6-4B6D-91BA-D37C23C3EC88}
	EndGlobalSection
EndGlobal
